{
  "name": "test",
  "lockfileVersion": 3,
  "requires": true,
  "packages": {
    "": {
      "name": "test",
      "devDependencies": {
        "assenvle": "file:../.."
      }
    },
    "../..": {
      "version": "0.1.0",
      "dev": true,
      "license": "MIT",
      "dependencies": {
        "commander": "^13.1.0"
      },
      "bin": {
        "assenvle": "dist/cli.js"
      },
      "devDependencies": {
        "@biomejs/biome": "1.9.4",
        "@tsconfig/node24": "^24.0.0",
        "@tsconfig/strictest": "^2.0.5",
        "@types/node": "^22.15.17",
        "concurrently": "^9.1.2",
        "husky": "^9.1.7",
        "typescript": "^5.8.3"
      }
    },
    "node_modules/assenvle": {
      "resolved": "../..",
      "link": true
    }
  }
}
